// !$*UTF8*$!
{
	archiveVersion = 1;
	classes = {
	};
	objectVersion = 51;
	objects = {

/* Begin PBXBuildFile section */
		099EBC8C22A68D8100AB5B21 /* Charts.framework in Frameworks */ = {isa = PBXBuildFile; fileRef = 099EBC8922A68D7800AB5B21 /* Charts.framework */; };
		3DEC6BE1228B961B00106856 /* AppDelegate.swift in Sources */ = {isa = PBXBuildFile; fileRef = 3DEC6BE0228B961B00106856 /* AppDelegate.swift */; };
		3DEC6BE3228B961B00106856 /* ThisWeekViewController.swift in Sources */ = {isa = PBXBuildFile; fileRef = 3DEC6BE2228B961B00106856 /* ThisWeekViewController.swift */; };
		3DEC6BE6228B961B00106856 /* Main.storyboard in Resources */ = {isa = PBXBuildFile; fileRef = 3DEC6BE4228B961B00106856 /* Main.storyboard */; };
		3DEC6BE8228B961B00106856 /* Assets.xcassets in Resources */ = {isa = PBXBuildFile; fileRef = 3DEC6BE7228B961B00106856 /* Assets.xcassets */; };
		3DEC6BEB228B961B00106856 /* LaunchScreen.storyboard in Resources */ = {isa = PBXBuildFile; fileRef = 3DEC6BE9228B961B00106856 /* LaunchScreen.storyboard */; };
		8927DE47228E47AA00D29CC9 /* Job.swift in Sources */ = {isa = PBXBuildFile; fileRef = 8927DE46228E47AA00D29CC9 /* Job.swift */; };
		8927DE49228E487400D29CC9 /* TimeEntry.swift in Sources */ = {isa = PBXBuildFile; fileRef = 8927DE48228E487400D29CC9 /* TimeEntry.swift */; };
		8927DE4C228E542700D29CC9 /* ReportsViewController.swift in Sources */ = {isa = PBXBuildFile; fileRef = 8927DE4B228E542700D29CC9 /* ReportsViewController.swift */; };
		8927DE4E228E551C00D29CC9 /* JobzViewController.swift in Sources */ = {isa = PBXBuildFile; fileRef = 8927DE4D228E551C00D29CC9 /* JobzViewController.swift */; };
		8927DE50228E558500D29CC9 /* SettingsViewController.swift in Sources */ = {isa = PBXBuildFile; fileRef = 8927DE4F228E558500D29CC9 /* SettingsViewController.swift */; };
		8927DE52228E6DCF00D29CC9 /* Settings.swift in Sources */ = {isa = PBXBuildFile; fileRef = 8927DE51228E6DCF00D29CC9 /* Settings.swift */; };
		8927DE54228E6EAF00D29CC9 /* DataStorage.swift in Sources */ = {isa = PBXBuildFile; fileRef = 8927DE53228E6EAF00D29CC9 /* DataStorage.swift */; };
		8927DE57228E77CE00D29CC9 /* ManualTimeEntryViewController.swift in Sources */ = {isa = PBXBuildFile; fileRef = 8927DE56228E77CE00D29CC9 /* ManualTimeEntryViewController.swift */; };
		8927DE59228E807000D29CC9 /* TimeEntryController.swift in Sources */ = {isa = PBXBuildFile; fileRef = 8927DE58228E807000D29CC9 /* TimeEntryController.swift */; };
		8929549E229BC65200C2A84A /* Job Table Cell.swift in Sources */ = {isa = PBXBuildFile; fileRef = 8929549D229BC65200C2A84A /* Job Table Cell.swift */; };
		892DAAB322A51FDE0065FD75 /* Job Detail Table Cell.swift in Sources */ = {isa = PBXBuildFile; fileRef = 892DAAB222A51FDE0065FD75 /* Job Detail Table Cell.swift */; };
		89EA201E2294CBCF00D4BB72 /* NewTimeEntryViewController.swift in Sources */ = {isa = PBXBuildFile; fileRef = 89EA201D2294CBCF00D4BB72 /* NewTimeEntryViewController.swift */; };
		89EA20202294CC3200D4BB72 /* JobReportViewController.swift in Sources */ = {isa = PBXBuildFile; fileRef = 89EA201F2294CC3200D4BB72 /* JobReportViewController.swift */; };
		89EA20222294CC7700D4BB72 /* JobViewController.swift in Sources */ = {isa = PBXBuildFile; fileRef = 89EA20212294CC7700D4BB72 /* JobViewController.swift */; };
		89EA20242294CCCC00D4BB72 /* EditTimeEntryViewController.swift in Sources */ = {isa = PBXBuildFile; fileRef = 89EA20232294CCCC00D4BB72 /* EditTimeEntryViewController.swift */; };
		A4C942E6CE8900CE19B9D67A /* Pods_TimeKeeper.framework in Frameworks */ = {isa = PBXBuildFile; fileRef = D9C6FC3726CB7B7510D919D3 /* Pods_TimeKeeper.framework */; };
/* End PBXBuildFile section */

/* Begin PBXContainerItemProxy section */
		099EBC8822A68D7800AB5B21 /* PBXContainerItemProxy */ = {
			isa = PBXContainerItemProxy;
			containerPortal = 099EBC8322A68D7700AB5B21 /* Charts.xcodeproj */;
			proxyType = 2;
			remoteGlobalIDString = 65AD9E95D9ED4DC0BD73A743;
			remoteInfo = Charts;
		};
		099EBC8A22A68D7800AB5B21 /* PBXContainerItemProxy */ = {
			isa = PBXContainerItemProxy;
			containerPortal = 099EBC8322A68D7700AB5B21 /* Charts.xcodeproj */;
			proxyType = 2;
			remoteGlobalIDString = 1CBBC58C6CE1EBEE9852CE41;
			remoteInfo = ChartsTests;
		};
/* End PBXContainerItemProxy section */

/* Begin PBXCopyFilesBuildPhase section */
		0979C28D22A5550E0073B968 /* Embed Frameworks */ = {
			isa = PBXCopyFilesBuildPhase;
			buildActionMask = 2147483647;
			dstPath = "";
			dstSubfolderSpec = 10;
			files = (
			);
			name = "Embed Frameworks";
			runOnlyForDeploymentPostprocessing = 0;
		};
/* End PBXCopyFilesBuildPhase section */

/* Begin PBXFileReference section */
		099EBC8322A68D7700AB5B21 /* Charts.xcodeproj */ = {isa = PBXFileReference; lastKnownFileType = "wrapper.pb-project"; name = Charts.xcodeproj; path = "../../Downloads/Charts-master-3/Charts.xcodeproj"; sourceTree = "<group>"; };
		32B800BE7583722F5F304DA0 /* Pods-TimeKeeper.release.xcconfig */ = {isa = PBXFileReference; includeInIndex = 1; lastKnownFileType = text.xcconfig; name = "Pods-TimeKeeper.release.xcconfig"; path = "Target Support Files/Pods-TimeKeeper/Pods-TimeKeeper.release.xcconfig"; sourceTree = "<group>"; };
		3DEC6BDD228B961B00106856 /* TimeKeeper.app */ = {isa = PBXFileReference; explicitFileType = wrapper.application; includeInIndex = 0; path = TimeKeeper.app; sourceTree = BUILT_PRODUCTS_DIR; };
		3DEC6BE0228B961B00106856 /* AppDelegate.swift */ = {isa = PBXFileReference; lastKnownFileType = sourcecode.swift; path = AppDelegate.swift; sourceTree = "<group>"; };
		3DEC6BE2228B961B00106856 /* ThisWeekViewController.swift */ = {isa = PBXFileReference; lastKnownFileType = sourcecode.swift; path = ThisWeekViewController.swift; sourceTree = "<group>"; };
		3DEC6BE5228B961B00106856 /* Base */ = {isa = PBXFileReference; lastKnownFileType = file.storyboard; name = Base; path = Base.lproj/Main.storyboard; sourceTree = "<group>"; };
		3DEC6BE7228B961B00106856 /* Assets.xcassets */ = {isa = PBXFileReference; lastKnownFileType = folder.assetcatalog; path = Assets.xcassets; sourceTree = "<group>"; };
		3DEC6BEA228B961B00106856 /* Base */ = {isa = PBXFileReference; lastKnownFileType = file.storyboard; name = Base; path = Base.lproj/LaunchScreen.storyboard; sourceTree = "<group>"; };
		3DEC6BEC228B961B00106856 /* Info.plist */ = {isa = PBXFileReference; lastKnownFileType = text.plist.xml; path = Info.plist; sourceTree = "<group>"; };
		8927DE46228E47AA00D29CC9 /* Job.swift */ = {isa = PBXFileReference; lastKnownFileType = sourcecode.swift; path = Job.swift; sourceTree = "<group>"; };
		8927DE48228E487400D29CC9 /* TimeEntry.swift */ = {isa = PBXFileReference; lastKnownFileType = sourcecode.swift; path = TimeEntry.swift; sourceTree = "<group>"; };
		8927DE4B228E542700D29CC9 /* ReportsViewController.swift */ = {isa = PBXFileReference; lastKnownFileType = sourcecode.swift; path = ReportsViewController.swift; sourceTree = "<group>"; };
		8927DE4D228E551C00D29CC9 /* JobzViewController.swift */ = {isa = PBXFileReference; lastKnownFileType = sourcecode.swift; path = JobzViewController.swift; sourceTree = "<group>"; };
		8927DE4F228E558500D29CC9 /* SettingsViewController.swift */ = {isa = PBXFileReference; lastKnownFileType = sourcecode.swift; path = SettingsViewController.swift; sourceTree = "<group>"; };
		8927DE51228E6DCF00D29CC9 /* Settings.swift */ = {isa = PBXFileReference; lastKnownFileType = sourcecode.swift; path = Settings.swift; sourceTree = "<group>"; };
		8927DE53228E6EAF00D29CC9 /* DataStorage.swift */ = {isa = PBXFileReference; fileEncoding = 4; lastKnownFileType = sourcecode.swift; path = DataStorage.swift; sourceTree = "<group>"; };
		8927DE56228E77CE00D29CC9 /* ManualTimeEntryViewController.swift */ = {isa = PBXFileReference; lastKnownFileType = sourcecode.swift; path = ManualTimeEntryViewController.swift; sourceTree = "<group>"; };
		8927DE58228E807000D29CC9 /* TimeEntryController.swift */ = {isa = PBXFileReference; lastKnownFileType = sourcecode.swift; path = TimeEntryController.swift; sourceTree = "<group>"; };
		8929549D229BC65200C2A84A /* Job Table Cell.swift */ = {isa = PBXFileReference; lastKnownFileType = sourcecode.swift; path = "Job Table Cell.swift"; sourceTree = "<group>"; };
		892DAAB222A51FDE0065FD75 /* Job Detail Table Cell.swift */ = {isa = PBXFileReference; lastKnownFileType = sourcecode.swift; path = "Job Detail Table Cell.swift"; sourceTree = "<group>"; };
		89EA201D2294CBCF00D4BB72 /* NewTimeEntryViewController.swift */ = {isa = PBXFileReference; lastKnownFileType = sourcecode.swift; path = NewTimeEntryViewController.swift; sourceTree = "<group>"; };
		89EA201F2294CC3200D4BB72 /* JobReportViewController.swift */ = {isa = PBXFileReference; lastKnownFileType = sourcecode.swift; path = JobReportViewController.swift; sourceTree = "<group>"; };
		89EA20212294CC7700D4BB72 /* JobViewController.swift */ = {isa = PBXFileReference; lastKnownFileType = sourcecode.swift; path = JobViewController.swift; sourceTree = "<group>"; };
		89EA20232294CCCC00D4BB72 /* EditTimeEntryViewController.swift */ = {isa = PBXFileReference; lastKnownFileType = sourcecode.swift; path = EditTimeEntryViewController.swift; sourceTree = "<group>"; };
		8BDF6E36D72825CCB192C121 /* Pods-TimeKeeper.debug.xcconfig */ = {isa = PBXFileReference; includeInIndex = 1; lastKnownFileType = text.xcconfig; name = "Pods-TimeKeeper.debug.xcconfig"; path = "Target Support Files/Pods-TimeKeeper/Pods-TimeKeeper.debug.xcconfig"; sourceTree = "<group>"; };
		D9C6FC3726CB7B7510D919D3 /* Pods_TimeKeeper.framework */ = {isa = PBXFileReference; explicitFileType = wrapper.framework; includeInIndex = 0; path = Pods_TimeKeeper.framework; sourceTree = BUILT_PRODUCTS_DIR; };
/* End PBXFileReference section */

/* Begin PBXFrameworksBuildPhase section */
		3DEC6BDA228B961B00106856 /* Frameworks */ = {
			isa = PBXFrameworksBuildPhase;
			buildActionMask = 2147483647;
			files = (
				099EBC8C22A68D8100AB5B21 /* Charts.framework in Frameworks */,
				A4C942E6CE8900CE19B9D67A /* Pods_TimeKeeper.framework in Frameworks */,
			);
			runOnlyForDeploymentPostprocessing = 0;
		};
/* End PBXFrameworksBuildPhase section */

/* Begin PBXGroup section */
		099EBC8422A68D7700AB5B21 /* Products */ = {
			isa = PBXGroup;
			children = (
				099EBC8922A68D7800AB5B21 /* Charts.framework */,
				099EBC8B22A68D7800AB5B21 /* ChartsTests.xctest */,
			);
			name = Products;
			sourceTree = "<group>";
		};
		0F5125E3E2AB1861C52E68E0 /* Pods */ = {
			isa = PBXGroup;
			children = (
				8BDF6E36D72825CCB192C121 /* Pods-TimeKeeper.debug.xcconfig */,
				32B800BE7583722F5F304DA0 /* Pods-TimeKeeper.release.xcconfig */,
			);
			path = Pods;
			sourceTree = "<group>";
		};
		3AC85AB9C2A8AB4EE84D1132 /* Frameworks */ = {
			isa = PBXGroup;
			children = (
				D9C6FC3726CB7B7510D919D3 /* Pods_TimeKeeper.framework */,
			);
			name = Frameworks;
			sourceTree = "<group>";
		};
		3DEC6BD4228B961A00106856 = {
			isa = PBXGroup;
			children = (
				099EBC8322A68D7700AB5B21 /* Charts.xcodeproj */,
				3DEC6BDF228B961B00106856 /* TimeKeeper */,
				3DEC6BDE228B961B00106856 /* Products */,
				0F5125E3E2AB1861C52E68E0 /* Pods */,
				3AC85AB9C2A8AB4EE84D1132 /* Frameworks */,
			);
			sourceTree = "<group>";
		};
		3DEC6BDE228B961B00106856 /* Products */ = {
			isa = PBXGroup;
			children = (
				3DEC6BDD228B961B00106856 /* TimeKeeper.app */,
			);
			name = Products;
			sourceTree = "<group>";
		};
		3DEC6BDF228B961B00106856 /* TimeKeeper */ = {
			isa = PBXGroup;
			children = (
				8927DE55228E6EB700D29CC9 /* Functions */,
				8927DE4A228E53C700D29CC9 /* View Controllers */,
				8927DE45228E477C00D29CC9 /* Objects */,
				3DEC6BE0228B961B00106856 /* AppDelegate.swift */,
				3DEC6BE4228B961B00106856 /* Main.storyboard */,
				3DEC6BE7228B961B00106856 /* Assets.xcassets */,
				3DEC6BE9228B961B00106856 /* LaunchScreen.storyboard */,
				3DEC6BEC228B961B00106856 /* Info.plist */,
			);
			path = TimeKeeper;
			sourceTree = "<group>";
		};
		8927DE45228E477C00D29CC9 /* Objects */ = {
			isa = PBXGroup;
			children = (
				8927DE46228E47AA00D29CC9 /* Job.swift */,
				8927DE51228E6DCF00D29CC9 /* Settings.swift */,
				8927DE48228E487400D29CC9 /* TimeEntry.swift */,
				8929549D229BC65200C2A84A /* Job Table Cell.swift */,
				892DAAB222A51FDE0065FD75 /* Job Detail Table Cell.swift */,
			);
			path = Objects;
			sourceTree = "<group>";
		};
		8927DE4A228E53C700D29CC9 /* View Controllers */ = {
			isa = PBXGroup;
			children = (
				3DEC6BE2228B961B00106856 /* ThisWeekViewController.swift */,
				89EA201D2294CBCF00D4BB72 /* NewTimeEntryViewController.swift */,
				8927DE4B228E542700D29CC9 /* ReportsViewController.swift */,
				89EA201F2294CC3200D4BB72 /* JobReportViewController.swift */,
				8927DE4D228E551C00D29CC9 /* JobzViewController.swift */,
				89EA20212294CC7700D4BB72 /* JobViewController.swift */,
				8927DE56228E77CE00D29CC9 /* ManualTimeEntryViewController.swift */,
				89EA20232294CCCC00D4BB72 /* EditTimeEntryViewController.swift */,
				8927DE4F228E558500D29CC9 /* SettingsViewController.swift */,
				8927DE58228E807000D29CC9 /* TimeEntryController.swift */,
			);
			path = "View Controllers";
			sourceTree = "<group>";
		};
		8927DE55228E6EB700D29CC9 /* Functions */ = {
			isa = PBXGroup;
			children = (
				8927DE53228E6EAF00D29CC9 /* DataStorage.swift */,
			);
			path = Functions;
			sourceTree = "<group>";
		};
/* End PBXGroup section */

/* Begin PBXNativeTarget section */
		3DEC6BDC228B961B00106856 /* TimeKeeper */ = {
			isa = PBXNativeTarget;
			buildConfigurationList = 3DEC6BEF228B961B00106856 /* Build configuration list for PBXNativeTarget "TimeKeeper" */;
			buildPhases = (
				4A36D4F6F5DDD891A9A0E0FE /* [CP] Check Pods Manifest.lock */,
				3DEC6BD9228B961B00106856 /* Sources */,
				3DEC6BDA228B961B00106856 /* Frameworks */,
				3DEC6BDB228B961B00106856 /* Resources */,
				0979C28D22A5550E0073B968 /* Embed Frameworks */,
				82E40480951DC4D40C3B5AD9 /* [CP] Embed Pods Frameworks */,
			);
			buildRules = (
			);
			dependencies = (
			);
			name = TimeKeeper;
			productName = TimeKeeper;
			productReference = 3DEC6BDD228B961B00106856 /* TimeKeeper.app */;
			productType = "com.apple.product-type.application";
		};
/* End PBXNativeTarget section */

/* Begin PBXProject section */
		3DEC6BD5228B961A00106856 /* Project object */ = {
			isa = PBXProject;
			attributes = {
				LastSwiftUpdateCheck = 1020;
				LastUpgradeCheck = 1020;
				ORGANIZATIONNAME = "Trent Diamond";
				TargetAttributes = {
					3DEC6BDC228B961B00106856 = {
						CreatedOnToolsVersion = 10.2.1;
					};
				};
			};
			buildConfigurationList = 3DEC6BD8228B961A00106856 /* Build configuration list for PBXProject "TimeKeeper" */;
			compatibilityVersion = "Xcode 9.3";
			developmentRegion = en;
			hasScannedForEncodings = 0;
			knownRegions = (
				en,
				Base,
			);
			mainGroup = 3DEC6BD4228B961A00106856;
			productRefGroup = 3DEC6BDE228B961B00106856 /* Products */;
			projectDirPath = "";
			projectReferences = (
				{
					ProductGroup = 099EBC8422A68D7700AB5B21 /* Products */;
					ProjectRef = 099EBC8322A68D7700AB5B21 /* Charts.xcodeproj */;
				},
			);
			projectRoot = "";
			targets = (
				3DEC6BDC228B961B00106856 /* TimeKeeper */,
			);
		};
/* End PBXProject section */

/* Begin PBXReferenceProxy section */
		099EBC8922A68D7800AB5B21 /* Charts.framework */ = {
			isa = PBXReferenceProxy;
			fileType = wrapper.framework;
			path = Charts.framework;
			remoteRef = 099EBC8822A68D7800AB5B21 /* PBXContainerItemProxy */;
			sourceTree = BUILT_PRODUCTS_DIR;
		};
		099EBC8B22A68D7800AB5B21 /* ChartsTests.xctest */ = {
			isa = PBXReferenceProxy;
			fileType = wrapper.cfbundle;
			path = ChartsTests.xctest;
			remoteRef = 099EBC8A22A68D7800AB5B21 /* PBXContainerItemProxy */;
			sourceTree = BUILT_PRODUCTS_DIR;
		};
/* End PBXReferenceProxy section */

/* Begin PBXResourcesBuildPhase section */
		3DEC6BDB228B961B00106856 /* Resources */ = {
			isa = PBXResourcesBuildPhase;
			buildActionMask = 2147483647;
			files = (
				3DEC6BEB228B961B00106856 /* LaunchScreen.storyboard in Resources */,
				3DEC6BE8228B961B00106856 /* Assets.xcassets in Resources */,
				3DEC6BE6228B961B00106856 /* Main.storyboard in Resources */,
			);
			runOnlyForDeploymentPostprocessing = 0;
		};
/* End PBXResourcesBuildPhase section */

/* Begin PBXShellScriptBuildPhase section */
		4A36D4F6F5DDD891A9A0E0FE /* [CP] Check Pods Manifest.lock */ = {
			isa = PBXShellScriptBuildPhase;
			buildActionMask = 2147483647;
			files = (
			);
			inputFileListPaths = (
			);
			inputPaths = (
				"${PODS_PODFILE_DIR_PATH}/Podfile.lock",
				"${PODS_ROOT}/Manifest.lock",
			);
			name = "[CP] Check Pods Manifest.lock";
			outputFileListPaths = (
			);
			outputPaths = (
				"$(DERIVED_FILE_DIR)/Pods-TimeKeeper-checkManifestLockResult.txt",
			);
			runOnlyForDeploymentPostprocessing = 0;
			shellPath = /bin/sh;
			shellScript = "diff \"${PODS_PODFILE_DIR_PATH}/Podfile.lock\" \"${PODS_ROOT}/Manifest.lock\" > /dev/null\nif [ $? != 0 ] ; then\n    # print error to STDERR\n    echo \"error: The sandbox is not in sync with the Podfile.lock. Run 'pod install' or update your CocoaPods installation.\" >&2\n    exit 1\nfi\n# This output is used by Xcode 'outputs' to avoid re-running this script phase.\necho \"SUCCESS\" > \"${SCRIPT_OUTPUT_FILE_0}\"\n";
			showEnvVarsInLog = 0;
		};
		82E40480951DC4D40C3B5AD9 /* [CP] Embed Pods Frameworks */ = {
			isa = PBXShellScriptBuildPhase;
			buildActionMask = 2147483647;
			files = (
			);
			inputFileListPaths = (
				"${PODS_ROOT}/Target Support Files/Pods-TimeKeeper/Pods-TimeKeeper-frameworks-${CONFIGURATION}-input-files.xcfilelist",
			);
			name = "[CP] Embed Pods Frameworks";
			outputFileListPaths = (
				"${PODS_ROOT}/Target Support Files/Pods-TimeKeeper/Pods-TimeKeeper-frameworks-${CONFIGURATION}-output-files.xcfilelist",
			);
			runOnlyForDeploymentPostprocessing = 0;
			shellPath = /bin/sh;
			shellScript = "\"${PODS_ROOT}/Target Support Files/Pods-TimeKeeper/Pods-TimeKeeper-frameworks.sh\"\n";
			showEnvVarsInLog = 0;
		};
/* End PBXShellScriptBuildPhase section */

/* Begin PBXSourcesBuildPhase section */
		3DEC6BD9228B961B00106856 /* Sources */ = {
			isa = PBXSourcesBuildPhase;
			buildActionMask = 2147483647;
			files = (
				8927DE47228E47AA00D29CC9 /* Job.swift in Sources */,
				3DEC6BE3228B961B00106856 /* ThisWeekViewController.swift in Sources */,
				8929549E229BC65200C2A84A /* Job Table Cell.swift in Sources */,
				892DAAB322A51FDE0065FD75 /* Job Detail Table Cell.swift in Sources */,
				8927DE59228E807000D29CC9 /* TimeEntryController.swift in Sources */,
				89EA20202294CC3200D4BB72 /* JobReportViewController.swift in Sources */,
				8927DE52228E6DCF00D29CC9 /* Settings.swift in Sources */,
				8927DE54228E6EAF00D29CC9 /* DataStorage.swift in Sources */,
				8927DE57228E77CE00D29CC9 /* ManualTimeEntryViewController.swift in Sources */,
				8927DE50228E558500D29CC9 /* SettingsViewController.swift in Sources */,
				89EA20222294CC7700D4BB72 /* JobViewController.swift in Sources */,
				8927DE4E228E551C00D29CC9 /* JobzViewController.swift in Sources */,
				89EA20242294CCCC00D4BB72 /* EditTimeEntryViewController.swift in Sources */,
				8927DE4C228E542700D29CC9 /* ReportsViewController.swift in Sources */,
				3DEC6BE1228B961B00106856 /* AppDelegate.swift in Sources */,
				89EA201E2294CBCF00D4BB72 /* NewTimeEntryViewController.swift in Sources */,
				8927DE49228E487400D29CC9 /* TimeEntry.swift in Sources */,
			);
			runOnlyForDeploymentPostprocessing = 0;
		};
/* End PBXSourcesBuildPhase section */

/* Begin PBXVariantGroup section */
		3DEC6BE4228B961B00106856 /* Main.storyboard */ = {
			isa = PBXVariantGroup;
			children = (
				3DEC6BE5228B961B00106856 /* Base */,
			);
			name = Main.storyboard;
			sourceTree = "<group>";
		};
		3DEC6BE9228B961B00106856 /* LaunchScreen.storyboard */ = {
			isa = PBXVariantGroup;
			children = (
				3DEC6BEA228B961B00106856 /* Base */,
			);
			name = LaunchScreen.storyboard;
			sourceTree = "<group>";
		};
/* End PBXVariantGroup section */

/* Begin XCBuildConfiguration section */
		3DEC6BED228B961B00106856 /* Debug */ = {
			isa = XCBuildConfiguration;
			buildSettings = {
				ALWAYS_SEARCH_USER_PATHS = NO;
				CLANG_ANALYZER_NONNULL = YES;
				CLANG_ANALYZER_NUMBER_OBJECT_CONVERSION = YES_AGGRESSIVE;
				CLANG_CXX_LANGUAGE_STANDARD = "gnu++14";
				CLANG_CXX_LIBRARY = "libc++";
				CLANG_ENABLE_MODULES = YES;
				CLANG_ENABLE_OBJC_ARC = YES;
				CLANG_ENABLE_OBJC_WEAK = YES;
				CLANG_WARN_BLOCK_CAPTURE_AUTORELEASING = YES;
				CLANG_WARN_BOOL_CONVERSION = YES;
				CLANG_WARN_COMMA = YES;
				CLANG_WARN_CONSTANT_CONVERSION = YES;
				CLANG_WARN_DEPRECATED_OBJC_IMPLEMENTATIONS = YES;
				CLANG_WARN_DIRECT_OBJC_ISA_USAGE = YES_ERROR;
				CLANG_WARN_DOCUMENTATION_COMMENTS = YES;
				CLANG_WARN_EMPTY_BODY = YES;
				CLANG_WARN_ENUM_CONVERSION = YES;
				CLANG_WARN_INFINITE_RECURSION = YES;
				CLANG_WARN_INT_CONVERSION = YES;
				CLANG_WARN_NON_LITERAL_NULL_CONVERSION = YES;
				CLANG_WARN_OBJC_IMPLICIT_RETAIN_SELF = YES;
				CLANG_WARN_OBJC_LITERAL_CONVERSION = YES;
				CLANG_WARN_OBJC_ROOT_CLASS = YES_ERROR;
				CLANG_WARN_RANGE_LOOP_ANALYSIS = YES;
				CLANG_WARN_STRICT_PROTOTYPES = YES;
				CLANG_WARN_SUSPICIOUS_MOVE = YES;
				CLANG_WARN_UNGUARDED_AVAILABILITY = YES_AGGRESSIVE;
				CLANG_WARN_UNREACHABLE_CODE = YES;
				CLANG_WARN__DUPLICATE_METHOD_MATCH = YES;
				CODE_SIGN_IDENTITY = "iPhone Developer";
				COPY_PHASE_STRIP = NO;
				DEBUG_INFORMATION_FORMAT = dwarf;
				ENABLE_STRICT_OBJC_MSGSEND = YES;
				ENABLE_TESTABILITY = YES;
				GCC_C_LANGUAGE_STANDARD = gnu11;
				GCC_DYNAMIC_NO_PIC = NO;
				GCC_NO_COMMON_BLOCKS = YES;
				GCC_OPTIMIZATION_LEVEL = 0;
				GCC_PREPROCESSOR_DEFINITIONS = (
					"DEBUG=1",
					"$(inherited)",
				);
				GCC_WARN_64_TO_32_BIT_CONVERSION = YES;
				GCC_WARN_ABOUT_RETURN_TYPE = YES_ERROR;
				GCC_WARN_UNDECLARED_SELECTOR = YES;
				GCC_WARN_UNINITIALIZED_AUTOS = YES_AGGRESSIVE;
				GCC_WARN_UNUSED_FUNCTION = YES;
				GCC_WARN_UNUSED_VARIABLE = YES;
				IPHONEOS_DEPLOYMENT_TARGET = 12.2;
				MTL_ENABLE_DEBUG_INFO = INCLUDE_SOURCE;
				MTL_FAST_MATH = YES;
				ONLY_ACTIVE_ARCH = YES;
				SDKROOT = iphoneos;
				SWIFT_ACTIVE_COMPILATION_CONDITIONS = DEBUG;
				SWIFT_OPTIMIZATION_LEVEL = "-Onone";
			};
			name = Debug;
		};
		3DEC6BEE228B961B00106856 /* Release */ = {
			isa = XCBuildConfiguration;
			buildSettings = {
				ALWAYS_SEARCH_USER_PATHS = NO;
				CLANG_ANALYZER_NONNULL = YES;
				CLANG_ANALYZER_NUMBER_OBJECT_CONVERSION = YES_AGGRESSIVE;
				CLANG_CXX_LANGUAGE_STANDARD = "gnu++14";
				CLANG_CXX_LIBRARY = "libc++";
				CLANG_ENABLE_MODULES = YES;
				CLANG_ENABLE_OBJC_ARC = YES;
				CLANG_ENABLE_OBJC_WEAK = YES;
				CLANG_WARN_BLOCK_CAPTURE_AUTORELEASING = YES;
				CLANG_WARN_BOOL_CONVERSION = YES;
				CLANG_WARN_COMMA = YES;
				CLANG_WARN_CONSTANT_CONVERSION = YES;
				CLANG_WARN_DEPRECATED_OBJC_IMPLEMENTATIONS = YES;
				CLANG_WARN_DIRECT_OBJC_ISA_USAGE = YES_ERROR;
				CLANG_WARN_DOCUMENTATION_COMMENTS = YES;
				CLANG_WARN_EMPTY_BODY = YES;
				CLANG_WARN_ENUM_CONVERSION = YES;
				CLANG_WARN_INFINITE_RECURSION = YES;
				CLANG_WARN_INT_CONVERSION = YES;
				CLANG_WARN_NON_LITERAL_NULL_CONVERSION = YES;
				CLANG_WARN_OBJC_IMPLICIT_RETAIN_SELF = YES;
				CLANG_WARN_OBJC_LITERAL_CONVERSION = YES;
				CLANG_WARN_OBJC_ROOT_CLASS = YES_ERROR;
				CLANG_WARN_RANGE_LOOP_ANALYSIS = YES;
				CLANG_WARN_STRICT_PROTOTYPES = YES;
				CLANG_WARN_SUSPICIOUS_MOVE = YES;
				CLANG_WARN_UNGUARDED_AVAILABILITY = YES_AGGRESSIVE;
				CLANG_WARN_UNREACHABLE_CODE = YES;
				CLANG_WARN__DUPLICATE_METHOD_MATCH = YES;
				CODE_SIGN_IDENTITY = "iPhone Developer";
				COPY_PHASE_STRIP = NO;
				DEBUG_INFORMATION_FORMAT = "dwarf-with-dsym";
				ENABLE_NS_ASSERTIONS = NO;
				ENABLE_STRICT_OBJC_MSGSEND = YES;
				GCC_C_LANGUAGE_STANDARD = gnu11;
				GCC_NO_COMMON_BLOCKS = YES;
				GCC_WARN_64_TO_32_BIT_CONVERSION = YES;
				GCC_WARN_ABOUT_RETURN_TYPE = YES_ERROR;
				GCC_WARN_UNDECLARED_SELECTOR = YES;
				GCC_WARN_UNINITIALIZED_AUTOS = YES_AGGRESSIVE;
				GCC_WARN_UNUSED_FUNCTION = YES;
				GCC_WARN_UNUSED_VARIABLE = YES;
				IPHONEOS_DEPLOYMENT_TARGET = 12.2;
				MTL_ENABLE_DEBUG_INFO = NO;
				MTL_FAST_MATH = YES;
				SDKROOT = iphoneos;
				SWIFT_COMPILATION_MODE = wholemodule;
				SWIFT_OPTIMIZATION_LEVEL = "-O";
				VALIDATE_PRODUCT = YES;
			};
			name = Release;
		};
		3DEC6BF0228B961B00106856 /* Debug */ = {
			isa = XCBuildConfiguration;
			baseConfigurationReference = 8BDF6E36D72825CCB192C121 /* Pods-TimeKeeper.debug.xcconfig */;
			buildSettings = {
				ALWAYS_EMBED_SWIFT_STANDARD_LIBRARIES = YES;
				ASSETCATALOG_COMPILER_APPICON_NAME = AppIcon;
				CODE_SIGN_STYLE = Automatic;
				DEVELOPMENT_TEAM = 3ZGZLFYY25;
				INFOPLIST_FILE = TimeKeeper/Info.plist;
				LD_RUNPATH_SEARCH_PATHS = (
					"$(inherited)",
					"@executable_path/Frameworks",
				);
				PRODUCT_BUNDLE_IDENTIFIER = UTS.TimeKeeper;
				PRODUCT_NAME = "$(TARGET_NAME)";
				SWIFT_VERSION = 5.0;
				TARGETED_DEVICE_FAMILY = "1,2";
			};
			name = Debug;
		};
		3DEC6BF1228B961B00106856 /* Release */ = {
			isa = XCBuildConfiguration;
			baseConfigurationReference = 32B800BE7583722F5F304DA0 /* Pods-TimeKeeper.release.xcconfig */;
			buildSettings = {
				ALWAYS_EMBED_SWIFT_STANDARD_LIBRARIES = YES;
				ASSETCATALOG_COMPILER_APPICON_NAME = AppIcon;
				CODE_SIGN_STYLE = Automatic;
				DEVELOPMENT_TEAM = 3ZGZLFYY25;
				INFOPLIST_FILE = TimeKeeper/Info.plist;
				LD_RUNPATH_SEARCH_PATHS = (
					"$(inherited)",
					"@executable_path/Frameworks",
				);
				PRODUCT_BUNDLE_IDENTIFIER = UTS.TimeKeeper;
				PRODUCT_NAME = "$(TARGET_NAME)";
				SWIFT_VERSION = 5.0;
				TARGETED_DEVICE_FAMILY = "1,2";
			};
			name = Release;
		};
/* End XCBuildConfiguration section */

/* Begin XCConfigurationList section */
		3DEC6BD8228B961A00106856 /* Build configuration list for PBXProject "TimeKeeper" */ = {
			isa = XCConfigurationList;
			buildConfigurations = (
				3DEC6BED228B961B00106856 /* Debug */,
				3DEC6BEE228B961B00106856 /* Release */,
			);
			defaultConfigurationIsVisible = 0;
			defaultConfigurationName = Release;
		};
		3DEC6BEF228B961B00106856 /* Build configuration list for PBXNativeTarget "TimeKeeper" */ = {
			isa = XCConfigurationList;
			buildConfigurations = (
				3DEC6BF0228B961B00106856 /* Debug */,
				3DEC6BF1228B961B00106856 /* Release */,
			);
			defaultConfigurationIsVisible = 0;
			defaultConfigurationName = Release;
		};
/* End XCConfigurationList section */
	};
	rootObject = 3DEC6BD5228B961A00106856 /* Project object */;
}
