// !$*UTF8*$!
{
	archiveVersion = 1;
	classes = {
	};
	objectVersion = 50;
	objects = {

/* Begin PBXBuildFile section */
		3DEC6BE1228B961B00106856 /* AppDelegate.swift in Sources */ = {isa = PBXBuildFile; fileRef = 3DEC6BE0228B961B00106856 /* AppDelegate.swift */; };
		3DEC6BE3228B961B00106856 /* ThisWeekViewController.swift in Sources */ = {isa = PBXBuildFile; fileRef = 3DEC6BE2228B961B00106856 /* ThisWeekViewController.swift */; };
		3DEC6BE6228B961B00106856 /* Main.storyboard in Resources */ = {isa = PBXBuildFile; fileRef = 3DEC6BE4228B961B00106856 /* Main.storyboard */; };
		3DEC6BE8228B961B00106856 /* Assets.xcassets in Resources */ = {isa = PBXBuildFile; fileRef = 3DEC6BE7228B961B00106856 /* Assets.xcassets */; };
		3DEC6BEB228B961B00106856 /* LaunchScreen.storyboard in Resources */ = {isa = PBXBuildFile; fileRef = 3DEC6BE9228B961B00106856 /* LaunchScreen.storyboard */; };
		8927DE47228E47AA00D29CC9 /* Job.swift in Sources */ = {isa = PBXBuildFile; fileRef = 8927DE46228E47AA00D29CC9 /* Job.swift */; };
		8927DE49228E487400D29CC9 /* TimeEntry.swift in Sources */ = {isa = PBXBuildFile; fileRef = 8927DE48228E487400D29CC9 /* TimeEntry.swift */; };
		8927DE4C228E542700D29CC9 /* ReportsViewController.swift in Sources */ = {isa = PBXBuildFile; fileRef = 8927DE4B228E542700D29CC9 /* ReportsViewController.swift */; };
		8927DE4E228E551C00D29CC9 /* JobzViewController.swift in Sources */ = {isa = PBXBuildFile; fileRef = 8927DE4D228E551C00D29CC9 /* JobzViewController.swift */; };
		8927DE50228E558500D29CC9 /* SettingsViewController.swift in Sources */ = {isa = PBXBuildFile; fileRef = 8927DE4F228E558500D29CC9 /* SettingsViewController.swift */; };
		8927DE52228E6DCF00D29CC9 /* Settings.swift in Sources */ = {isa = PBXBuildFile; fileRef = 8927DE51228E6DCF00D29CC9 /* Settings.swift */; };
		8927DE54228E6EAF00D29CC9 /* DataStorage.swift in Sources */ = {isa = PBXBuildFile; fileRef = 8927DE53228E6EAF00D29CC9 /* DataStorage.swift */; };
		8927DE57228E77CE00D29CC9 /* ManualTimeEntryViewController.swift in Sources */ = {isa = PBXBuildFile; fileRef = 8927DE56228E77CE00D29CC9 /* ManualTimeEntryViewController.swift */; };
		8927DE59228E807000D29CC9 /* TimeEntryController.swift in Sources */ = {isa = PBXBuildFile; fileRef = 8927DE58228E807000D29CC9 /* TimeEntryController.swift */; };
		8929549E229BC65200C2A84A /* Job Table Cell.swift in Sources */ = {isa = PBXBuildFile; fileRef = 8929549D229BC65200C2A84A /* Job Table Cell.swift */; };
		892DAAB322A51FDE0065FD75 /* Job Detail Table Cell.swift in Sources */ = {isa = PBXBuildFile; fileRef = 892DAAB222A51FDE0065FD75 /* Job Detail Table Cell.swift */; };
		89EA201E2294CBCF00D4BB72 /* NewTimeEntryViewController.swift in Sources */ = {isa = PBXBuildFile; fileRef = 89EA201D2294CBCF00D4BB72 /* NewTimeEntryViewController.swift */; };
		89EA20202294CC3200D4BB72 /* JobReportViewController.swift in Sources */ = {isa = PBXBuildFile; fileRef = 89EA201F2294CC3200D4BB72 /* JobReportViewController.swift */; };
		89EA20222294CC7700D4BB72 /* JobViewController.swift in Sources */ = {isa = PBXBuildFile; fileRef = 89EA20212294CC7700D4BB72 /* JobViewController.swift */; };
		89EA20242294CCCC00D4BB72 /* EditTimeEntryViewController.swift in Sources */ = {isa = PBXBuildFile; fileRef = 89EA20232294CCCC00D4BB72 /* EditTimeEntryViewController.swift */; };
/* End PBXBuildFile section */

/* Begin PBXFileReference section */
		3DEC6BDD228B961B00106856 /* TimeKeeper.app */ = {isa = PBXFileReference; explicitFileType = wrapper.application; includeInIndex = 0; path = TimeKeeper.app; sourceTree = BUILT_PRODUCTS_DIR; };
		3DEC6BE0228B961B00106856 /* AppDelegate.swift */ = {isa = PBXFileReference; lastKnownFileType = sourcecode.swift; path = AppDelegate.swift; sourceTree = "<group>"; };
		3DEC6BE2228B961B00106856 /* ThisWeekViewController.swift */ = {isa = PBXFileReference; lastKnownFileType = sourcecode.swift; path = ThisWeekViewController.swift; sourceTree = "<group>"; };
		3DEC6BE5228B961B00106856 /* Base */ = {isa = PBXFileReference; lastKnownFileType = file.storyboard; name = Base; path = Base.lproj/Main.storyboard; sourceTree = "<group>"; };
		3DEC6BE7228B961B00106856 /* Assets.xcassets */ = {isa = PBXFileReference; lastKnownFileType = folder.assetcatalog; path = Assets.xcassets; sourceTree = "<group>"; };
		3DEC6BEA228B961B00106856 /* Base */ = {isa = PBXFileReference; lastKnownFileType = file.storyboard; name = Base; path = Base.lproj/LaunchScreen.storyboard; sourceTree = "<group>"; };
		3DEC6BEC228B961B00106856 /* Info.plist */ = {isa = PBXFileReference; lastKnownFileType = text.plist.xml; path = Info.plist; sourceTree = "<group>"; };
		8927DE46228E47AA00D29CC9 /* Job.swift */ = {isa = PBXFileReference; lastKnownFileType = sourcecode.swift; path = Job.swift; sourceTree = "<group>"; };
		8927DE48228E487400D29CC9 /* TimeEntry.swift */ = {isa = PBXFileReference; lastKnownFileType = sourcecode.swift; path = TimeEntry.swift; sourceTree = "<group>"; };
		8927DE4B228E542700D29CC9 /* ReportsViewController.swift */ = {isa = PBXFileReference; lastKnownFileType = sourcecode.swift; path = ReportsViewController.swift; sourceTree = "<group>"; };
		8927DE4D228E551C00D29CC9 /* JobzViewController.swift */ = {isa = PBXFileReference; lastKnownFileType = sourcecode.swift; path = JobzViewController.swift; sourceTree = "<group>"; };
		8927DE4F228E558500D29CC9 /* SettingsViewController.swift */ = {isa = PBXFileReference; lastKnownFileType = sourcecode.swift; path = SettingsViewController.swift; sourceTree = "<group>"; };
		8927DE51228E6DCF00D29CC9 /* Settings.swift */ = {isa = PBXFileReference; lastKnownFileType = sourcecode.swift; path = Settings.swift; sourceTree = "<group>"; };
		8927DE53228E6EAF00D29CC9 /* DataStorage.swift */ = {isa = PBXFileReference; fileEncoding = 4; lastKnownFileType = sourcecode.swift; path = DataStorage.swift; sourceTree = "<group>"; };
		8927DE56228E77CE00D29CC9 /* ManualTimeEntryViewController.swift */ = {isa = PBXFileReference; lastKnownFileType = sourcecode.swift; path = ManualTimeEntryViewController.swift; sourceTree = "<group>"; };
		8927DE58228E807000D29CC9 /* TimeEntryController.swift */ = {isa = PBXFileReference; lastKnownFileType = sourcecode.swift; path = TimeEntryController.swift; sourceTree = "<group>"; };
		8929549D229BC65200C2A84A /* Job Table Cell.swift */ = {isa = PBXFileReference; lastKnownFileType = sourcecode.swift; path = "Job Table Cell.swift"; sourceTree = "<group>"; };
		892DAAB222A51FDE0065FD75 /* Job Detail Table Cell.swift */ = {isa = PBXFileReference; lastKnownFileType = sourcecode.swift; path = "Job Detail Table Cell.swift"; sourceTree = "<group>"; };
		89EA201D2294CBCF00D4BB72 /* NewTimeEntryViewController.swift */ = {isa = PBXFileReference; lastKnownFileType = sourcecode.swift; path = NewTimeEntryViewController.swift; sourceTree = "<group>"; };
		89EA201F2294CC3200D4BB72 /* JobReportViewController.swift */ = {isa = PBXFileReference; lastKnownFileType = sourcecode.swift; path = JobReportViewController.swift; sourceTree = "<group>"; };
		89EA20212294CC7700D4BB72 /* JobViewController.swift */ = {isa = PBXFileReference; lastKnownFileType = sourcecode.swift; path = JobViewController.swift; sourceTree = "<group>"; };
		89EA20232294CCCC00D4BB72 /* EditTimeEntryViewController.swift */ = {isa = PBXFileReference; lastKnownFileType = sourcecode.swift; path = EditTimeEntryViewController.swift; sourceTree = "<group>"; };
/* End PBXFileReference section */

/* Begin PBXFrameworksBuildPhase section */
		3DEC6BDA228B961B00106856 /* Frameworks */ = {
			isa = PBXFrameworksBuildPhase;
			buildActionMask = 2147483647;
			files = (
			);
			runOnlyForDeploymentPostprocessing = 0;
		};
/* End PBXFrameworksBuildPhase section */

/* Begin PBXGroup section */
		3DEC6BD4228B961A00106856 = {
			isa = PBXGroup;
			children = (
				3DEC6BDF228B961B00106856 /* TimeKeeper */,
				3DEC6BDE228B961B00106856 /* Products */,
			);
			sourceTree = "<group>";
		};
		3DEC6BDE228B961B00106856 /* Products */ = {
			isa = PBXGroup;
			children = (
				3DEC6BDD228B961B00106856 /* TimeKeeper.app */,
			);
			name = Products;
			sourceTree = "<group>";
		};
		3DEC6BDF228B961B00106856 /* TimeKeeper */ = {
			isa = PBXGroup;
			children = (
				8927DE55228E6EB700D29CC9 /* Functions */,
				8927DE4A228E53C700D29CC9 /* View Controllers */,
				8927DE45228E477C00D29CC9 /* Objects */,
				3DEC6BE0228B961B00106856 /* AppDelegate.swift */,
				3DEC6BE4228B961B00106856 /* Main.storyboard */,
				3DEC6BE7228B961B00106856 /* Assets.xcassets */,
				3DEC6BE9228B961B00106856 /* LaunchScreen.storyboard */,
				3DEC6BEC228B961B00106856 /* Info.plist */,
			);
			path = TimeKeeper;
			sourceTree = "<group>";
		};
		8927DE45228E477C00D29CC9 /* Objects */ = {
			isa = PBXGroup;
			children = (
				8927DE46228E47AA00D29CC9 /* Job.swift */,
				8927DE51228E6DCF00D29CC9 /* Settings.swift */,
				8927DE48228E487400D29CC9 /* TimeEntry.swift */,
				8929549D229BC65200C2A84A /* Job Table Cell.swift */,
				892DAAB222A51FDE0065FD75 /* Job Detail Table Cell.swift */,
			);
			path = Objects;
			sourceTree = "<group>";
		};
		8927DE4A228E53C700D29CC9 /* View Controllers */ = {
			isa = PBXGroup;
			children = (
				3DEC6BE2228B961B00106856 /* ThisWeekViewController.swift */,
				89EA201D2294CBCF00D4BB72 /* NewTimeEntryViewController.swift */,
				8927DE4B228E542700D29CC9 /* ReportsViewController.swift */,
				89EA201F2294CC3200D4BB72 /* JobReportViewController.swift */,
				8927DE4D228E551C00D29CC9 /* JobzViewController.swift */,
				89EA20212294CC7700D4BB72 /* JobViewController.swift */,
				8927DE56228E77CE00D29CC9 /* ManualTimeEntryViewController.swift */,
				89EA20232294CCCC00D4BB72 /* EditTimeEntryViewController.swift */,
				8927DE4F228E558500D29CC9 /* SettingsViewController.swift */,
				8927DE58228E807000D29CC9 /* TimeEntryController.swift */,
			);
			path = "View Controllers";
			sourceTree = "<group>";
		};
		8927DE55228E6EB700D29CC9 /* Functions */ = {
			isa = PBXGroup;
			children = (
				8927DE53228E6EAF00D29CC9 /* DataStorage.swift */,
			);
			path = Functions;
			sourceTree = "<group>";
		};
/* End PBXGroup section */

/* Begin PBXNativeTarget section */
		3DEC6BDC228B961B00106856 /* TimeKeeper */ = {
			isa = PBXNativeTarget;
			buildConfigurationList = 3DEC6BEF228B961B00106856 /* Build configuration list for PBXNativeTarget "TimeKeeper" */;
			buildPhases = (
				3DEC6BD9228B961B00106856 /* Sources */,
				3DEC6BDA228B961B00106856 /* Frameworks */,
				3DEC6BDB228B961B00106856 /* Resources */,
			);
			buildRules = (
			);
			dependencies = (
			);
			name = TimeKeeper;
			productName = TimeKeeper;
			productReference = 3DEC6BDD228B961B00106856 /* TimeKeeper.app */;
			productType = "com.apple.product-type.application";
		};
/* End PBXNativeTarget section */

/* Begin PBXProject section */
		3DEC6BD5228B961A00106856 /* Project object */ = {
			isa = PBXProject;
			attributes = {
				LastSwiftUpdateCheck = 1020;
				LastUpgradeCheck = 1020;
				ORGANIZATIONNAME = "Trent Diamond";
				TargetAttributes = {
					3DEC6BDC228B961B00106856 = {
						CreatedOnToolsVersion = 10.2.1;
					};
				};
			};
			buildConfigurationList = 3DEC6BD8228B961A00106856 /* Build configuration list for PBXProject "TimeKeeper" */;
			compatibilityVersion = "Xcode 9.3";
			developmentRegion = en;
			hasScannedForEncodings = 0;
			knownRegions = (
				en,
				Base,
			);
			mainGroup = 3DEC6BD4228B961A00106856;
			productRefGroup = 3DEC6BDE228B961B00106856 /* Products */;
			projectDirPath = "";
			projectRoot = "";
			targets = (
				3DEC6BDC228B961B00106856 /* TimeKeeper */,
			);
		};
/* End PBXProject section */

/* Begin PBXResourcesBuildPhase section */
		3DEC6BDB228B961B00106856 /* Resources */ = {
			isa = PBXResourcesBuildPhase;
			buildActionMask = 2147483647;
			files = (
				3DEC6BEB228B961B00106856 /* LaunchScreen.storyboard in Resources */,
				3DEC6BE8228B961B00106856 /* Assets.xcassets in Resources */,
				3DEC6BE6228B961B00106856 /* Main.storyboard in Resources */,
			);
			runOnlyForDeploymentPostprocessing = 0;
		};
/* End PBXResourcesBuildPhase section */

/* Begin PBXSourcesBuildPhase section */
		3DEC6BD9228B961B00106856 /* Sources */ = {
			isa = PBXSourcesBuildPhase;
			buildActionMask = 2147483647;
			files = (
				8927DE47228E47AA00D29CC9 /* Job.swift in Sources */,
				3DEC6BE3228B961B00106856 /* ThisWeekViewController.swift in Sources */,
				8929549E229BC65200C2A84A /* Job Table Cell.swift in Sources */,
				892DAAB322A51FDE0065FD75 /* Job Detail Table Cell.swift in Sources */,
				8927DE59228E807000D29CC9 /* TimeEntryController.swift in Sources */,
				89EA20202294CC3200D4BB72 /* JobReportViewController.swift in Sources */,
				8927DE52228E6DCF00D29CC9 /* Settings.swift in Sources */,
				8927DE54228E6EAF00D29CC9 /* DataStorage.swift in Sources */,
				8927DE57228E77CE00D29CC9 /* ManualTimeEntryViewController.swift in Sources */,
				8927DE50228E558500D29CC9 /* SettingsViewController.swift in Sources */,
				89EA20222294CC7700D4BB72 /* JobViewController.swift in Sources */,
				8927DE4E228E551C00D29CC9 /* JobzViewController.swift in Sources */,
				89EA20242294CCCC00D4BB72 /* EditTimeEntryViewController.swift in Sources */,
				8927DE4C228E542700D29CC9 /* ReportsViewController.swift in Sources */,
				3DEC6BE1228B961B00106856 /* AppDelegate.swift in Sources */,
				89EA201E2294CBCF00D4BB72 /* NewTimeEntryViewController.swift in Sources */,
				8927DE49228E487400D29CC9 /* TimeEntry.swift in Sources */,
			);
			runOnlyForDeploymentPostprocessing = 0;
		};
/* End PBXSourcesBuildPhase section */

/* Begin PBXVariantGroup section */
		3DEC6BE4228B961B00106856 /* Main.storyboard */ = {
			isa = PBXVariantGroup;
			children = (
				3DEC6BE5228B961B00106856 /* Base */,
			);
			name = Main.storyboard;
			sourceTree = "<group>";
		};
		3DEC6BE9228B961B00106856 /* LaunchScreen.storyboard */ = {
			isa = PBXVariantGroup;
			children = (
				3DEC6BEA228B961B00106856 /* Base */,
			);
			name = LaunchScreen.storyboard;
			sourceTree = "<group>";
		};
/* End PBXVariantGroup section */

/* Begin XCBuildConfiguration section */
		3DEC6BED228B961B00106856 /* Debug */ = {
			isa = XCBuildConfiguration;
			buildSettings = {
				ALWAYS_SEARCH_USER_PATHS = NO;
				CLANG_ANALYZER_NONNULL = YES;
				CLANG_ANALYZER_NUMBER_OBJECT_CONVERSION = YES_AGGRESSIVE;
				CLANG_CXX_LANGUAGE_STANDARD = "gnu++14";
				CLANG_CXX_LIBRARY = "libc++";
				CLANG_ENABLE_MODULES = YES;
				CLANG_ENABLE_OBJC_ARC = YES;
				CLANG_ENABLE_OBJC_WEAK = YES;
				CLANG_WARN_BLOCK_CAPTURE_AUTORELEASING = YES;
				CLANG_WARN_BOOL_CONVERSION = YES;
				CLANG_WARN_COMMA = YES;
				CLANG_WARN_CONSTANT_CONVERSION = YES;
				CLANG_WARN_DEPRECATED_OBJC_IMPLEMENTATIONS = YES;
				CLANG_WARN_DIRECT_OBJC_ISA_USAGE = YES_ERROR;
				CLANG_WARN_DOCUMENTATION_COMMENTS = YES;
				CLANG_WARN_EMPTY_BODY = YES;
				CLANG_WARN_ENUM_CONVERSION = YES;
				CLANG_WARN_INFINITE_RECURSION = YES;
				CLANG_WARN_INT_CONVERSION = YES;
				CLANG_WARN_NON_LITERAL_NULL_CONVERSION = YES;
				CLANG_WARN_OBJC_IMPLICIT_RETAIN_SELF = YES;
				CLANG_WARN_OBJC_LITERAL_CONVERSION = YES;
				CLANG_WARN_OBJC_ROOT_CLASS = YES_ERROR;
				CLANG_WARN_RANGE_LOOP_ANALYSIS = YES;
				CLANG_WARN_STRICT_PROTOTYPES = YES;
				CLANG_WARN_SUSPICIOUS_MOVE = YES;
				CLANG_WARN_UNGUARDED_AVAILABILITY = YES_AGGRESSIVE;
				CLANG_WARN_UNREACHABLE_CODE = YES;
				CLANG_WARN__DUPLICATE_METHOD_MATCH = YES;
				CODE_SIGN_IDENTITY = "iPhone Developer";
				COPY_PHASE_STRIP = NO;
				DEBUG_INFORMATION_FORMAT = dwarf;
				ENABLE_STRICT_OBJC_MSGSEND = YES;
				ENABLE_TESTABILITY = YES;
				GCC_C_LANGUAGE_STANDARD = gnu11;
				GCC_DYNAMIC_NO_PIC = NO;
				GCC_NO_COMMON_BLOCKS = YES;
				GCC_OPTIMIZATION_LEVEL = 0;
				GCC_PREPROCESSOR_DEFINITIONS = (
					"DEBUG=1",
					"$(inherited)",
				);
				GCC_WARN_64_TO_32_BIT_CONVERSION = YES;
				GCC_WARN_ABOUT_RETURN_TYPE = YES_ERROR;
				GCC_WARN_UNDECLARED_SELECTOR = YES;
				GCC_WARN_UNINITIALIZED_AUTOS = YES_AGGRESSIVE;
				GCC_WARN_UNUSED_FUNCTION = YES;
				GCC_WARN_UNUSED_VARIABLE = YES;
				IPHONEOS_DEPLOYMENT_TARGET = 12.2;
				MTL_ENABLE_DEBUG_INFO = INCLUDE_SOURCE;
				MTL_FAST_MATH = YES;
				ONLY_ACTIVE_ARCH = YES;
				SDKROOT = iphoneos;
				SWIFT_ACTIVE_COMPILATION_CONDITIONS = DEBUG;
				SWIFT_OPTIMIZATION_LEVEL = "-Onone";
			};
			name = Debug;
		};
		3DEC6BEE228B961B00106856 /* Release */ = {
			isa = XCBuildConfiguration;
			buildSettings = {
				ALWAYS_SEARCH_USER_PATHS = NO;
				CLANG_ANALYZER_NONNULL = YES;
				CLANG_ANALYZER_NUMBER_OBJECT_CONVERSION = YES_AGGRESSIVE;
				CLANG_CXX_LANGUAGE_STANDARD = "gnu++14";
				CLANG_CXX_LIBRARY = "libc++";
				CLANG_ENABLE_MODULES = YES;
				CLANG_ENABLE_OBJC_ARC = YES;
				CLANG_ENABLE_OBJC_WEAK = YES;
				CLANG_WARN_BLOCK_CAPTURE_AUTORELEASING = YES;
				CLANG_WARN_BOOL_CONVERSION = YES;
				CLANG_WARN_COMMA = YES;
				CLANG_WARN_CONSTANT_CONVERSION = YES;
				CLANG_WARN_DEPRECATED_OBJC_IMPLEMENTATIONS = YES;
				CLANG_WARN_DIRECT_OBJC_ISA_USAGE = YES_ERROR;
				CLANG_WARN_DOCUMENTATION_COMMENTS = YES;
				CLANG_WARN_EMPTY_BODY = YES;
				CLANG_WARN_ENUM_CONVERSION = YES;
				CLANG_WARN_INFINITE_RECURSION = YES;
				CLANG_WARN_INT_CONVERSION = YES;
				CLANG_WARN_NON_LITERAL_NULL_CONVERSION = YES;
				CLANG_WARN_OBJC_IMPLICIT_RETAIN_SELF = YES;
				CLANG_WARN_OBJC_LITERAL_CONVERSION = YES;
				CLANG_WARN_OBJC_ROOT_CLASS = YES_ERROR;
				CLANG_WARN_RANGE_LOOP_ANALYSIS = YES;
				CLANG_WARN_STRICT_PROTOTYPES = YES;
				CLANG_WARN_SUSPICIOUS_MOVE = YES;
				CLANG_WARN_UNGUARDED_AVAILABILITY = YES_AGGRESSIVE;
				CLANG_WARN_UNREACHABLE_CODE = YES;
				CLANG_WARN__DUPLICATE_METHOD_MATCH = YES;
				CODE_SIGN_IDENTITY = "iPhone Developer";
				COPY_PHASE_STRIP = NO;
				DEBUG_INFORMATION_FORMAT = "dwarf-with-dsym";
				ENABLE_NS_ASSERTIONS = NO;
				ENABLE_STRICT_OBJC_MSGSEND = YES;
				GCC_C_LANGUAGE_STANDARD = gnu11;
				GCC_NO_COMMON_BLOCKS = YES;
				GCC_WARN_64_TO_32_BIT_CONVERSION = YES;
				GCC_WARN_ABOUT_RETURN_TYPE = YES_ERROR;
				GCC_WARN_UNDECLARED_SELECTOR = YES;
				GCC_WARN_UNINITIALIZED_AUTOS = YES_AGGRESSIVE;
				GCC_WARN_UNUSED_FUNCTION = YES;
				GCC_WARN_UNUSED_VARIABLE = YES;
				IPHONEOS_DEPLOYMENT_TARGET = 12.2;
				MTL_ENABLE_DEBUG_INFO = NO;
				MTL_FAST_MATH = YES;
				SDKROOT = iphoneos;
				SWIFT_COMPILATION_MODE = wholemodule;
				SWIFT_OPTIMIZATION_LEVEL = "-O";
				VALIDATE_PRODUCT = YES;
			};
			name = Release;
		};
		3DEC6BF0228B961B00106856 /* Debug */ = {
			isa = XCBuildConfiguration;
			buildSettings = {
				ASSETCATALOG_COMPILER_APPICON_NAME = AppIcon;
				CODE_SIGN_STYLE = Automatic;
				DEVELOPMENT_TEAM = 3ZGZLFYY25;
				INFOPLIST_FILE = TimeKeeper/Info.plist;
				LD_RUNPATH_SEARCH_PATHS = (
					"$(inherited)",
					"@executable_path/Frameworks",
				);
				PRODUCT_BUNDLE_IDENTIFIER = UTS.TimeKeeper;
				PRODUCT_NAME = "$(TARGET_NAME)";
				SWIFT_VERSION = 5.0;
				TARGETED_DEVICE_FAMILY = "1,2";
			};
			name = Debug;
		};
		3DEC6BF1228B961B00106856 /* Release */ = {
			isa = XCBuildConfiguration;
			buildSettings = {
				ASSETCATALOG_COMPILER_APPICON_NAME = AppIcon;
				CODE_SIGN_STYLE = Automatic;
				DEVELOPMENT_TEAM = 3ZGZLFYY25;
				INFOPLIST_FILE = TimeKeeper/Info.plist;
				LD_RUNPATH_SEARCH_PATHS = (
					"$(inherited)",
					"@executable_path/Frameworks",
				);
				PRODUCT_BUNDLE_IDENTIFIER = UTS.TimeKeeper;
				PRODUCT_NAME = "$(TARGET_NAME)";
				SWIFT_VERSION = 5.0;
				TARGETED_DEVICE_FAMILY = "1,2";
			};
			name = Release;
		};
/* End XCBuildConfiguration section */

/* Begin XCConfigurationList section */
		3DEC6BD8228B961A00106856 /* Build configuration list for PBXProject "TimeKeeper" */ = {
			isa = XCConfigurationList;
			buildConfigurations = (
				3DEC6BED228B961B00106856 /* Debug */,
				3DEC6BEE228B961B00106856 /* Release */,
			);
			defaultConfigurationIsVisible = 0;
			defaultConfigurationName = Release;
		};
		3DEC6BEF228B961B00106856 /* Build configuration list for PBXNativeTarget "TimeKeeper" */ = {
			isa = XCConfigurationList;
			buildConfigurations = (
				3DEC6BF0228B961B00106856 /* Debug */,
				3DEC6BF1228B961B00106856 /* Release */,
			);
			defaultConfigurationIsVisible = 0;
			defaultConfigurationName = Release;
		};
/* End XCConfigurationList section */
	};
	rootObject = 3DEC6BD5228B961A00106856 /* Project object */;
}
